
Microsoft Visual Studio Solution File, Format Version 12.00
# Visual Studio Version 16
VisualStudioVersion = 16.0.30523.141
MinimumVisualStudioVersion = 10.0.40219.1
Project("{FAE04EC0-301F-11D3-BF4B-00C04F79EFBC}") = "BugTracker", "BugTracker.csproj", "{E368131B-F7E2-4D94-B5C0-8854DF5A24E8}"
EndProject
Global
	GlobalSection(SolutionConfigurationPlatforms) = preSolution
		Debug|Any CPU = Debug|Any CPU
		Release|Any CPU = Release|Any CPU
	EndGlobalSection
	GlobalSection(ProjectConfigurationPlatforms) = postSolution
		{E368131B-F7E2-4D94-B5C0-8854DF5A24E8}.Debug|Any CPU.ActiveCfg = Debug|Any CPU
		{E368131B-F7E2-4D94-B5C0-8854DF5A24E8}.Debug|Any CPU.Build.0 = Debug|Any CPU
		{E368131B-F7E2-4D94-B5C0-8854DF5A24E8}.Release|Any CPU.ActiveCfg = Release|Any CPU
		{E368131B-F7E2-4D94-B5C0-8854DF5A24E8}.Release|Any CPU.Build.0 = Release|Any CPU
	EndGlobalSection
	GlobalSection(SolutionProperties) = preSolution
		HideSolutionNode = FALSE
	EndGlobalSection
	GlobalSection(ExtensibilityGlobals) = postSolution
		SolutionGuid = {2EC6F402-3F08-4891-91FD-3F9E22081CBA}
	EndGlobalSection
EndGlobal
